
Microsoft Visual Studio Solution File, Format Version 12.00
# Visual Studio Version 17
VisualStudioVersion = 17.9.34728.123
MinimumVisualStudioVersion = 10.0.40219.1
Project("{9A19103F-16F7-4668-BE54-9A1E7A4F7556}") = "L01-utasítasok", "L01-utasítasok\L01-utasítasok.csproj", "{24AC03F2-30F6-49FF-8893-4E0DBBBFD66C}"
EndProject
Project("{9A19103F-16F7-4668-BE54-9A1E7A4F7556}") = "L02-ciklus", "L02-ciklus\L02-ciklus.csproj", "{C3A6F4E5-77A6-4638-A040-4C175FEB9DEC}"
EndProject
Project("{9A19103F-16F7-4668-BE54-9A1E7A4F7556}") = "L03-tombok", "L03-tombok\L03-tombok.csproj", "{C5A37D04-0CB3-4CA4-96CD-D4F07F801817}"
EndProject
Project("{9A19103F-16F7-4668-BE54-9A1E7A4F7556}") = "L04-karakterlancok", "L04-karakterlancok\L04-karakterlancok.csproj", "{1026FE80-62EB-4855-A4E0-E83171FB139C}"
EndProject
Project("{9A19103F-16F7-4668-BE54-9A1E7A4F7556}") = "L05-fajlkezeles", "L05-fajlkezeles\L05-fajlkezeles.csproj", "{C6C03B60-5A0E-4B0D-BA91-AAEC2D59F777}"
EndProject
Project("{9A19103F-16F7-4668-BE54-9A1E7A4F7556}") = "MintaZH01", "MintaZH01\MintaZH01.csproj", "{41D87ECA-6DDF-49B5-80F4-AA0BD8B05C48}"
EndProject
Project("{9A19103F-16F7-4668-BE54-9A1E7A4F7556}") = "L06-OOPalapok", "L06-OOPalapok\L06-OOPalapok.csproj", "{FE9E86DD-55F9-4888-AF45-916561408212}"
EndProject
Project("{9A19103F-16F7-4668-BE54-9A1E7A4F7556}") = "L07-tulajdonsagok", "L07-tulajdonsagok\L07-tulajdonsagok.csproj", "{D5F0B558-3BE3-4274-924F-51B06B0A5FA5}"
EndProject
Project("{FAE04EC0-301F-11D3-BF4B-00C04F79EFBC}") = "L08-feladatmegoldas", "L08-feladatmegoldas\L08-feladatmegoldas.csproj", "{FB9446C4-BAA5-45C5-8DA9-9DA796A4BAE3}"
EndProject
Global
	GlobalSection(SolutionConfigurationPlatforms) = preSolution
		Debug|Any CPU = Debug|Any CPU
		Release|Any CPU = Release|Any CPU
	EndGlobalSection
	GlobalSection(ProjectConfigurationPlatforms) = postSolution
		{24AC03F2-30F6-49FF-8893-4E0DBBBFD66C}.Debug|Any CPU.ActiveCfg = Debug|Any CPU
		{24AC03F2-30F6-49FF-8893-4E0DBBBFD66C}.Debug|Any CPU.Build.0 = Debug|Any CPU
		{24AC03F2-30F6-49FF-8893-4E0DBBBFD66C}.Release|Any CPU.ActiveCfg = Release|Any CPU
		{24AC03F2-30F6-49FF-8893-4E0DBBBFD66C}.Release|Any CPU.Build.0 = Release|Any CPU
		{C3A6F4E5-77A6-4638-A040-4C175FEB9DEC}.Debug|Any CPU.ActiveCfg = Debug|Any CPU
		{C3A6F4E5-77A6-4638-A040-4C175FEB9DEC}.Debug|Any CPU.Build.0 = Debug|Any CPU
		{C3A6F4E5-77A6-4638-A040-4C175FEB9DEC}.Release|Any CPU.ActiveCfg = Release|Any CPU
		{C3A6F4E5-77A6-4638-A040-4C175FEB9DEC}.Release|Any CPU.Build.0 = Release|Any CPU
		{C5A37D04-0CB3-4CA4-96CD-D4F07F801817}.Debug|Any CPU.ActiveCfg = Debug|Any CPU
		{C5A37D04-0CB3-4CA4-96CD-D4F07F801817}.Debug|Any CPU.Build.0 = Debug|Any CPU
		{C5A37D04-0CB3-4CA4-96CD-D4F07F801817}.Release|Any CPU.ActiveCfg = Release|Any CPU
		{C5A37D04-0CB3-4CA4-96CD-D4F07F801817}.Release|Any CPU.Build.0 = Release|Any CPU
		{1026FE80-62EB-4855-A4E0-E83171FB139C}.Debug|Any CPU.ActiveCfg = Debug|Any CPU
		{1026FE80-62EB-4855-A4E0-E83171FB139C}.Debug|Any CPU.Build.0 = Debug|Any CPU
		{1026FE80-62EB-4855-A4E0-E83171FB139C}.Release|Any CPU.ActiveCfg = Release|Any CPU
		{1026FE80-62EB-4855-A4E0-E83171FB139C}.Release|Any CPU.Build.0 = Release|Any CPU
		{C6C03B60-5A0E-4B0D-BA91-AAEC2D59F777}.Debug|Any CPU.ActiveCfg = Debug|Any CPU
		{C6C03B60-5A0E-4B0D-BA91-AAEC2D59F777}.Debug|Any CPU.Build.0 = Debug|Any CPU
		{C6C03B60-5A0E-4B0D-BA91-AAEC2D59F777}.Release|Any CPU.ActiveCfg = Release|Any CPU
		{C6C03B60-5A0E-4B0D-BA91-AAEC2D59F777}.Release|Any CPU.Build.0 = Release|Any CPU
		{41D87ECA-6DDF-49B5-80F4-AA0BD8B05C48}.Debug|Any CPU.ActiveCfg = Debug|Any CPU
		{41D87ECA-6DDF-49B5-80F4-AA0BD8B05C48}.Debug|Any CPU.Build.0 = Debug|Any CPU
		{41D87ECA-6DDF-49B5-80F4-AA0BD8B05C48}.Release|Any CPU.ActiveCfg = Release|Any CPU
		{41D87ECA-6DDF-49B5-80F4-AA0BD8B05C48}.Release|Any CPU.Build.0 = Release|Any CPU
		{FE9E86DD-55F9-4888-AF45-916561408212}.Debug|Any CPU.ActiveCfg = Debug|Any CPU
		{FE9E86DD-55F9-4888-AF45-916561408212}.Debug|Any CPU.Build.0 = Debug|Any CPU
		{FE9E86DD-55F9-4888-AF45-916561408212}.Release|Any CPU.ActiveCfg = Release|Any CPU
		{FE9E86DD-55F9-4888-AF45-916561408212}.Release|Any CPU.Build.0 = Release|Any CPU
		{D5F0B558-3BE3-4274-924F-51B06B0A5FA5}.Debug|Any CPU.ActiveCfg = Debug|Any CPU
		{D5F0B558-3BE3-4274-924F-51B06B0A5FA5}.Debug|Any CPU.Build.0 = Debug|Any CPU
		{D5F0B558-3BE3-4274-924F-51B06B0A5FA5}.Release|Any CPU.ActiveCfg = Release|Any CPU
		{D5F0B558-3BE3-4274-924F-51B06B0A5FA5}.Release|Any CPU.Build.0 = Release|Any CPU
		{FB9446C4-BAA5-45C5-8DA9-9DA796A4BAE3}.Debug|Any CPU.ActiveCfg = Debug|Any CPU
		{FB9446C4-BAA5-45C5-8DA9-9DA796A4BAE3}.Debug|Any CPU.Build.0 = Debug|Any CPU
		{FB9446C4-BAA5-45C5-8DA9-9DA796A4BAE3}.Release|Any CPU.ActiveCfg = Release|Any CPU
		{FB9446C4-BAA5-45C5-8DA9-9DA796A4BAE3}.Release|Any CPU.Build.0 = Release|Any CPU
	EndGlobalSection
	GlobalSection(SolutionProperties) = preSolution
		HideSolutionNode = FALSE
	EndGlobalSection
	GlobalSection(ExtensibilityGlobals) = postSolution
		SolutionGuid = {92EBBF80-308D-49D9-9070-840E22FED5FD}
	EndGlobalSection
EndGlobal
