
Microsoft Visual Studio Solution File, Format Version 12.00
# Visual Studio Version 17
VisualStudioVersion = 17.9.34728.123
MinimumVisualStudioVersion = 10.0.40219.1
Project("{9A19103F-16F7-4668-BE54-9A1E7A4F7556}") = "L01-utasítasok", "L01-utasítasok\L01-utasítasok.csproj", "{24AC03F2-30F6-49FF-8893-4E0DBBBFD66C}"
EndProject
Project("{9A19103F-16F7-4668-BE54-9A1E7A4F7556}") = "L02-ciklus", "L02-ciklus\L02-ciklus.csproj", "{C3A6F4E5-77A6-4638-A040-4C175FEB9DEC}"
EndProject
Project("{9A19103F-16F7-4668-BE54-9A1E7A4F7556}") = "L03-tombok", "L03-tombok\L03-tombok.csproj", "{C5A37D04-0CB3-4CA4-96CD-D4F07F801817}"
EndProject
Project("{FAE04EC0-301F-11D3-BF4B-00C04F79EFBC}") = "L04-karakterlancok", "L04-karakterlancok\L04-karakterlancok.csproj", "{1026FE80-62EB-4855-A4E0-E83171FB139C}"
EndProject
Global
	GlobalSection(SolutionConfigurationPlatforms) = preSolution
		Debug|Any CPU = Debug|Any CPU
		Release|Any CPU = Release|Any CPU
	EndGlobalSection
	GlobalSection(ProjectConfigurationPlatforms) = postSolution
		{24AC03F2-30F6-49FF-8893-4E0DBBBFD66C}.Debug|Any CPU.ActiveCfg = Debug|Any CPU
		{24AC03F2-30F6-49FF-8893-4E0DBBBFD66C}.Debug|Any CPU.Build.0 = Debug|Any CPU
		{24AC03F2-30F6-49FF-8893-4E0DBBBFD66C}.Release|Any CPU.ActiveCfg = Release|Any CPU
		{24AC03F2-30F6-49FF-8893-4E0DBBBFD66C}.Release|Any CPU.Build.0 = Release|Any CPU
		{C3A6F4E5-77A6-4638-A040-4C175FEB9DEC}.Debug|Any CPU.ActiveCfg = Debug|Any CPU
		{C3A6F4E5-77A6-4638-A040-4C175FEB9DEC}.Debug|Any CPU.Build.0 = Debug|Any CPU
		{C3A6F4E5-77A6-4638-A040-4C175FEB9DEC}.Release|Any CPU.ActiveCfg = Release|Any CPU
		{C3A6F4E5-77A6-4638-A040-4C175FEB9DEC}.Release|Any CPU.Build.0 = Release|Any CPU
		{C5A37D04-0CB3-4CA4-96CD-D4F07F801817}.Debug|Any CPU.ActiveCfg = Debug|Any CPU
		{C5A37D04-0CB3-4CA4-96CD-D4F07F801817}.Debug|Any CPU.Build.0 = Debug|Any CPU
		{C5A37D04-0CB3-4CA4-96CD-D4F07F801817}.Release|Any CPU.ActiveCfg = Release|Any CPU
		{C5A37D04-0CB3-4CA4-96CD-D4F07F801817}.Release|Any CPU.Build.0 = Release|Any CPU
		{1026FE80-62EB-4855-A4E0-E83171FB139C}.Debug|Any CPU.ActiveCfg = Debug|Any CPU
		{1026FE80-62EB-4855-A4E0-E83171FB139C}.Debug|Any CPU.Build.0 = Debug|Any CPU
		{1026FE80-62EB-4855-A4E0-E83171FB139C}.Release|Any CPU.ActiveCfg = Release|Any CPU
		{1026FE80-62EB-4855-A4E0-E83171FB139C}.Release|Any CPU.Build.0 = Release|Any CPU
	EndGlobalSection
	GlobalSection(SolutionProperties) = preSolution
		HideSolutionNode = FALSE
	EndGlobalSection
	GlobalSection(ExtensibilityGlobals) = postSolution
		SolutionGuid = {92EBBF80-308D-49D9-9070-840E22FED5FD}
	EndGlobalSection
EndGlobal
